
Microsoft Visual Studio Solution File, Format Version 12.00
# Visual Studio Version 17
VisualStudioVersion = 17.13.35828.75 d17.13
MinimumVisualStudioVersion = 10.0.40219.1
Project("{FAE04EC0-301F-11D3-BF4B-00C04F79EFBC}") = "oop assignment", "oop assignment\oop assignment.csproj", "{BE95100F-2E83-4E1D-A0D9-8D1D6B349846}"
EndProject
Global
	GlobalSection(SolutionConfigurationPlatforms) = preSolution
		Debug|Any CPU = Debug|Any CPU
		Release|Any CPU = Release|Any CPU
	EndGlobalSection
	GlobalSection(ProjectConfigurationPlatforms) = postSolution
		{BE95100F-2E83-4E1D-A0D9-8D1D6B349846}.Debug|Any CPU.ActiveCfg = Debug|Any CPU
		{BE95100F-2E83-4E1D-A0D9-8D1D6B349846}.Debug|Any CPU.Build.0 = Debug|Any CPU
		{BE95100F-2E83-4E1D-A0D9-8D1D6B349846}.Release|Any CPU.ActiveCfg = Release|Any CPU
		{BE95100F-2E83-4E1D-A0D9-8D1D6B349846}.Release|Any CPU.Build.0 = Release|Any CPU
	EndGlobalSection
	GlobalSection(SolutionProperties) = preSolution
		HideSolutionNode = FALSE
	EndGlobalSection
	GlobalSection(ExtensibilityGlobals) = postSolution
		SolutionGuid = {27899942-7D85-46A2-997E-3A536C6854F2}
	EndGlobalSection
EndGlobal
